// !$*UTF8*$!
{
	archiveVersion = 1;
	classes = {
	};
	objectVersion = 56;
	objects = {

/* Begin PBXBuildFile section */
		2F94E18D291E88E30001C31D /* AppDelegate.swift in Sources */ = {isa = PBXBuildFile; fileRef = 2F94E18C291E88E30001C31D /* AppDelegate.swift */; };
		2F94E18F291E88E30001C31D /* ViewController.swift in Sources */ = {isa = PBXBuildFile; fileRef = 2F94E18E291E88E30001C31D /* ViewController.swift */; };
		2F94E191291E88E40001C31D /* Assets.xcassets in Resources */ = {isa = PBXBuildFile; fileRef = 2F94E190291E88E40001C31D /* Assets.xcassets */; };
		2F94E194291E88E40001C31D /* Main.storyboard in Resources */ = {isa = PBXBuildFile; fileRef = 2F94E192291E88E40001C31D /* Main.storyboard */; };
		2F94E19F291E88E50001C31D /* Phone_DialerTests.swift in Sources */ = {isa = PBXBuildFile; fileRef = 2F94E19E291E88E50001C31D /* Phone_DialerTests.swift */; };
		2F94E1A9291E88E50001C31D /* Phone_DialerUITests.swift in Sources */ = {isa = PBXBuildFile; fileRef = 2F94E1A8291E88E50001C31D /* Phone_DialerUITests.swift */; };
		2F94E1AB291E88E50001C31D /* Phone_DialerUITestsLaunchTests.swift in Sources */ = {isa = PBXBuildFile; fileRef = 2F94E1AA291E88E50001C31D /* Phone_DialerUITestsLaunchTests.swift */; };
/* End PBXBuildFile section */

/* Begin PBXContainerItemProxy section */
		2F94E19B291E88E50001C31D /* PBXContainerItemProxy */ = {
			isa = PBXContainerItemProxy;
			containerPortal = 2F94E181291E88E30001C31D /* Project object */;
			proxyType = 1;
			remoteGlobalIDString = 2F94E188291E88E30001C31D;
			remoteInfo = "Phone Dialer";
		};
		2F94E1A5291E88E50001C31D /* PBXContainerItemProxy */ = {
			isa = PBXContainerItemProxy;
			containerPortal = 2F94E181291E88E30001C31D /* Project object */;
			proxyType = 1;
			remoteGlobalIDString = 2F94E188291E88E30001C31D;
			remoteInfo = "Phone Dialer";
		};
/* End PBXContainerItemProxy section */

/* Begin PBXFileReference section */
		2F94E189291E88E30001C31D /* Phone Dialer.app */ = {isa = PBXFileReference; explicitFileType = wrapper.application; includeInIndex = 0; path = "Phone Dialer.app"; sourceTree = BUILT_PRODUCTS_DIR; };
		2F94E18C291E88E30001C31D /* AppDelegate.swift */ = {isa = PBXFileReference; lastKnownFileType = sourcecode.swift; path = AppDelegate.swift; sourceTree = "<group>"; };
		2F94E18E291E88E30001C31D /* ViewController.swift */ = {isa = PBXFileReference; lastKnownFileType = sourcecode.swift; path = ViewController.swift; sourceTree = "<group>"; };
		2F94E190291E88E40001C31D /* Assets.xcassets */ = {isa = PBXFileReference; lastKnownFileType = folder.assetcatalog; path = Assets.xcassets; sourceTree = "<group>"; };
		2F94E193291E88E40001C31D /* Base */ = {isa = PBXFileReference; lastKnownFileType = file.storyboard; name = Base; path = Base.lproj/Main.storyboard; sourceTree = "<group>"; };
		2F94E195291E88E40001C31D /* Phone_Dialer.entitlements */ = {isa = PBXFileReference; lastKnownFileType = text.plist.entitlements; path = Phone_Dialer.entitlements; sourceTree = "<group>"; };
		2F94E19A291E88E50001C31D /* Phone DialerTests.xctest */ = {isa = PBXFileReference; explicitFileType = wrapper.cfbundle; includeInIndex = 0; path = "Phone DialerTests.xctest"; sourceTree = BUILT_PRODUCTS_DIR; };
		2F94E19E291E88E50001C31D /* Phone_DialerTests.swift */ = {isa = PBXFileReference; lastKnownFileType = sourcecode.swift; path = Phone_DialerTests.swift; sourceTree = "<group>"; };
		2F94E1A4291E88E50001C31D /* Phone DialerUITests.xctest */ = {isa = PBXFileReference; explicitFileType = wrapper.cfbundle; includeInIndex = 0; path = "Phone DialerUITests.xctest"; sourceTree = BUILT_PRODUCTS_DIR; };
		2F94E1A8291E88E50001C31D /* Phone_DialerUITests.swift */ = {isa = PBXFileReference; lastKnownFileType = sourcecode.swift; path = Phone_DialerUITests.swift; sourceTree = "<group>"; };
		2F94E1AA291E88E50001C31D /* Phone_DialerUITestsLaunchTests.swift */ = {isa = PBXFileReference; lastKnownFileType = sourcecode.swift; path = Phone_DialerUITestsLaunchTests.swift; sourceTree = "<group>"; };
/* End PBXFileReference section */

/* Begin PBXFrameworksBuildPhase section */
		2F94E186291E88E30001C31D /* Frameworks */ = {
			isa = PBXFrameworksBuildPhase;
			buildActionMask = 2147483647;
			files = (
			);
			runOnlyForDeploymentPostprocessing = 0;
		};
		2F94E197291E88E50001C31D /* Frameworks */ = {
			isa = PBXFrameworksBuildPhase;
			buildActionMask = 2147483647;
			files = (
			);
			runOnlyForDeploymentPostprocessing = 0;
		};
		2F94E1A1291E88E50001C31D /* Frameworks */ = {
			isa = PBXFrameworksBuildPhase;
			buildActionMask = 2147483647;
			files = (
			);
			runOnlyForDeploymentPostprocessing = 0;
		};
/* End PBXFrameworksBuildPhase section */

/* Begin PBXGroup section */
		2F94E180291E88E30001C31D = {
			isa = PBXGroup;
			children = (
				2F94E18B291E88E30001C31D /* Phone Dialer */,
				2F94E19D291E88E50001C31D /* Phone DialerTests */,
				2F94E1A7291E88E50001C31D /* Phone DialerUITests */,
				2F94E18A291E88E30001C31D /* Products */,
			);
			sourceTree = "<group>";
		};
		2F94E18A291E88E30001C31D /* Products */ = {
			isa = PBXGroup;
			children = (
				2F94E189291E88E30001C31D /* Phone Dialer.app */,
				2F94E19A291E88E50001C31D /* Phone DialerTests.xctest */,
				2F94E1A4291E88E50001C31D /* Phone DialerUITests.xctest */,
			);
			name = Products;
			sourceTree = "<group>";
		};
		2F94E18B291E88E30001C31D /* Phone Dialer */ = {
			isa = PBXGroup;
			children = (
				2F94E18C291E88E30001C31D /* AppDelegate.swift */,
				2F94E18E291E88E30001C31D /* ViewController.swift */,
				2F94E190291E88E40001C31D /* Assets.xcassets */,
				2F94E192291E88E40001C31D /* Main.storyboard */,
				2F94E195291E88E40001C31D /* Phone_Dialer.entitlements */,
			);
			path = "Phone Dialer";
			sourceTree = "<group>";
		};
		2F94E19D291E88E50001C31D /* Phone DialerTests */ = {
			isa = PBXGroup;
			children = (
				2F94E19E291E88E50001C31D /* Phone_DialerTests.swift */,
			);
			path = "Phone DialerTests";
			sourceTree = "<group>";
		};
		2F94E1A7291E88E50001C31D /* Phone DialerUITests */ = {
			isa = PBXGroup;
			children = (
				2F94E1A8291E88E50001C31D /* Phone_DialerUITests.swift */,
				2F94E1AA291E88E50001C31D /* Phone_DialerUITestsLaunchTests.swift */,
			);
			path = "Phone DialerUITests";
			sourceTree = "<group>";
		};
/* End PBXGroup section */

/* Begin PBXNativeTarget section */
		2F94E188291E88E30001C31D /* Phone Dialer */ = {
			isa = PBXNativeTarget;
			buildConfigurationList = 2F94E1AE291E88E50001C31D /* Build configuration list for PBXNativeTarget "Phone Dialer" */;
			buildPhases = (
				2F94E185291E88E30001C31D /* Sources */,
				2F94E186291E88E30001C31D /* Frameworks */,
				2F94E187291E88E30001C31D /* Resources */,
			);
			buildRules = (
			);
			dependencies = (
			);
			name = "Phone Dialer";
			productName = "Phone Dialer";
			productReference = 2F94E189291E88E30001C31D /* Phone Dialer.app */;
			productType = "com.apple.product-type.application";
		};
		2F94E199291E88E50001C31D /* Phone DialerTests */ = {
			isa = PBXNativeTarget;
			buildConfigurationList = 2F94E1B1291E88E50001C31D /* Build configuration list for PBXNativeTarget "Phone DialerTests" */;
			buildPhases = (
				2F94E196291E88E50001C31D /* Sources */,
				2F94E197291E88E50001C31D /* Frameworks */,
				2F94E198291E88E50001C31D /* Resources */,
			);
			buildRules = (
			);
			dependencies = (
				2F94E19C291E88E50001C31D /* PBXTargetDependency */,
			);
			name = "Phone DialerTests";
			productName = "Phone DialerTests";
			productReference = 2F94E19A291E88E50001C31D /* Phone DialerTests.xctest */;
			productType = "com.apple.product-type.bundle.unit-test";
		};
		2F94E1A3291E88E50001C31D /* Phone DialerUITests */ = {
			isa = PBXNativeTarget;
			buildConfigurationList = 2F94E1B4291E88E50001C31D /* Build configuration list for PBXNativeTarget "Phone DialerUITests" */;
			buildPhases = (
				2F94E1A0291E88E50001C31D /* Sources */,
				2F94E1A1291E88E50001C31D /* Frameworks */,
				2F94E1A2291E88E50001C31D /* Resources */,
			);
			buildRules = (
			);
			dependencies = (
				2F94E1A6291E88E50001C31D /* PBXTargetDependency */,
			);
			name = "Phone DialerUITests";
			productName = "Phone DialerUITests";
			productReference = 2F94E1A4291E88E50001C31D /* Phone DialerUITests.xctest */;
			productType = "com.apple.product-type.bundle.ui-testing";
		};
/* End PBXNativeTarget section */

/* Begin PBXProject section */
		2F94E181291E88E30001C31D /* Project object */ = {
			isa = PBXProject;
			attributes = {
				BuildIndependentTargetsInParallel = 1;
				LastSwiftUpdateCheck = 1410;
				LastUpgradeCheck = 1410;
				TargetAttributes = {
					2F94E188291E88E30001C31D = {
						CreatedOnToolsVersion = 14.1;
					};
					2F94E199291E88E50001C31D = {
						CreatedOnToolsVersion = 14.1;
						TestTargetID = 2F94E188291E88E30001C31D;
					};
					2F94E1A3291E88E50001C31D = {
						CreatedOnToolsVersion = 14.1;
						TestTargetID = 2F94E188291E88E30001C31D;
					};
				};
			};
			buildConfigurationList = 2F94E184291E88E30001C31D /* Build configuration list for PBXProject "Phone Dialer" */;
			compatibilityVersion = "Xcode 14.0";
			developmentRegion = en;
			hasScannedForEncodings = 0;
			knownRegions = (
				en,
				Base,
			);
			mainGroup = 2F94E180291E88E30001C31D;
			productRefGroup = 2F94E18A291E88E30001C31D /* Products */;
			projectDirPath = "";
			projectRoot = "";
			targets = (
				2F94E188291E88E30001C31D /* Phone Dialer */,
				2F94E199291E88E50001C31D /* Phone DialerTests */,
				2F94E1A3291E88E50001C31D /* Phone DialerUITests */,
			);
		};
/* End PBXProject section */

/* Begin PBXResourcesBuildPhase section */
		2F94E187291E88E30001C31D /* Resources */ = {
			isa = PBXResourcesBuildPhase;
			buildActionMask = 2147483647;
			files = (
				2F94E191291E88E40001C31D /* Assets.xcassets in Resources */,
				2F94E194291E88E40001C31D /* Main.storyboard in Resources */,
			);
			runOnlyForDeploymentPostprocessing = 0;
		};
		2F94E198291E88E50001C31D /* Resources */ = {
			isa = PBXResourcesBuildPhase;
			buildActionMask = 2147483647;
			files = (
			);
			runOnlyForDeploymentPostprocessing = 0;
		};
		2F94E1A2291E88E50001C31D /* Resources */ = {
			isa = PBXResourcesBuildPhase;
			buildActionMask = 2147483647;
			files = (
			);
			runOnlyForDeploymentPostprocessing = 0;
		};
/* End PBXResourcesBuildPhase section */

/* Begin PBXSourcesBuildPhase section */
		2F94E185291E88E30001C31D /* Sources */ = {
			isa = PBXSourcesBuildPhase;
			buildActionMask = 2147483647;
			files = (
				2F94E18F291E88E30001C31D /* ViewController.swift in Sources */,
				2F94E18D291E88E30001C31D /* AppDelegate.swift in Sources */,
			);
			runOnlyForDeploymentPostprocessing = 0;
		};
		2F94E196291E88E50001C31D /* Sources */ = {
			isa = PBXSourcesBuildPhase;
			buildActionMask = 2147483647;
			files = (
				2F94E19F291E88E50001C31D /* Phone_DialerTests.swift in Sources */,
			);
			runOnlyForDeploymentPostprocessing = 0;
		};
		2F94E1A0291E88E50001C31D /* Sources */ = {
			isa = PBXSourcesBuildPhase;
			buildActionMask = 2147483647;
			files = (
				2F94E1AB291E88E50001C31D /* Phone_DialerUITestsLaunchTests.swift in Sources */,
				2F94E1A9291E88E50001C31D /* Phone_DialerUITests.swift in Sources */,
			);
			runOnlyForDeploymentPostprocessing = 0;
		};
/* End PBXSourcesBuildPhase section */

/* Begin PBXTargetDependency section */
		2F94E19C291E88E50001C31D /* PBXTargetDependency */ = {
			isa = PBXTargetDependency;
			target = 2F94E188291E88E30001C31D /* Phone Dialer */;
			targetProxy = 2F94E19B291E88E50001C31D /* PBXContainerItemProxy */;
		};
		2F94E1A6291E88E50001C31D /* PBXTargetDependency */ = {
			isa = PBXTargetDependency;
			target = 2F94E188291E88E30001C31D /* Phone Dialer */;
			targetProxy = 2F94E1A5291E88E50001C31D /* PBXContainerItemProxy */;
		};
/* End PBXTargetDependency section */

/* Begin PBXVariantGroup section */
		2F94E192291E88E40001C31D /* Main.storyboard */ = {
			isa = PBXVariantGroup;
			children = (
				2F94E193291E88E40001C31D /* Base */,
			);
			name = Main.storyboard;
			sourceTree = "<group>";
		};
/* End PBXVariantGroup section */

/* Begin XCBuildConfiguration section */
		2F94E1AC291E88E50001C31D /* Debug */ = {
			isa = XCBuildConfiguration;
			buildSettings = {
				ALWAYS_SEARCH_USER_PATHS = NO;
				CLANG_ANALYZER_NONNULL = YES;
				CLANG_ANALYZER_NUMBER_OBJECT_CONVERSION = YES_AGGRESSIVE;
				CLANG_CXX_LANGUAGE_STANDARD = "gnu++20";
				CLANG_ENABLE_MODULES = YES;
				CLANG_ENABLE_OBJC_ARC = YES;
				CLANG_ENABLE_OBJC_WEAK = YES;
				CLANG_WARN_BLOCK_CAPTURE_AUTORELEASING = YES;
				CLANG_WARN_BOOL_CONVERSION = YES;
				CLANG_WARN_COMMA = YES;
				CLANG_WARN_CONSTANT_CONVERSION = YES;
				CLANG_WARN_DEPRECATED_OBJC_IMPLEMENTATIONS = YES;
				CLANG_WARN_DIRECT_OBJC_ISA_USAGE = YES_ERROR;
				CLANG_WARN_DOCUMENTATION_COMMENTS = YES;
				CLANG_WARN_EMPTY_BODY = YES;
				CLANG_WARN_ENUM_CONVERSION = YES;
				CLANG_WARN_INFINITE_RECURSION = YES;
				CLANG_WARN_INT_CONVERSION = YES;
				CLANG_WARN_NON_LITERAL_NULL_CONVERSION = YES;
				CLANG_WARN_OBJC_IMPLICIT_RETAIN_SELF = YES;
				CLANG_WARN_OBJC_LITERAL_CONVERSION = YES;
				CLANG_WARN_OBJC_ROOT_CLASS = YES_ERROR;
				CLANG_WARN_QUOTED_INCLUDE_IN_FRAMEWORK_HEADER = YES;
				CLANG_WARN_RANGE_LOOP_ANALYSIS = YES;
				CLANG_WARN_STRICT_PROTOTYPES = YES;
				CLANG_WARN_SUSPICIOUS_MOVE = YES;
				CLANG_WARN_UNGUARDED_AVAILABILITY = YES_AGGRESSIVE;
				CLANG_WARN_UNREACHABLE_CODE = YES;
				CLANG_WARN__DUPLICATE_METHOD_MATCH = YES;
				COPY_PHASE_STRIP = NO;
				DEBUG_INFORMATION_FORMAT = dwarf;
				ENABLE_STRICT_OBJC_MSGSEND = YES;
				ENABLE_TESTABILITY = YES;
				GCC_C_LANGUAGE_STANDARD = gnu11;
				GCC_DYNAMIC_NO_PIC = NO;
				GCC_NO_COMMON_BLOCKS = YES;
				GCC_OPTIMIZATION_LEVEL = 0;
				GCC_PREPROCESSOR_DEFINITIONS = (
					"DEBUG=1",
					"$(inherited)",
				);
				GCC_WARN_64_TO_32_BIT_CONVERSION = YES;
				GCC_WARN_ABOUT_RETURN_TYPE = YES_ERROR;
				GCC_WARN_UNDECLARED_SELECTOR = YES;
				GCC_WARN_UNINITIALIZED_AUTOS = YES_AGGRESSIVE;
				GCC_WARN_UNUSED_FUNCTION = YES;
				GCC_WARN_UNUSED_VARIABLE = YES;
				MACOSX_DEPLOYMENT_TARGET = 13.0;
				MTL_ENABLE_DEBUG_INFO = INCLUDE_SOURCE;
				MTL_FAST_MATH = YES;
				ONLY_ACTIVE_ARCH = YES;
				SDKROOT = macosx;
				SWIFT_ACTIVE_COMPILATION_CONDITIONS = DEBUG;
				SWIFT_OPTIMIZATION_LEVEL = "-Onone";
			};
			name = Debug;
		};
		2F94E1AD291E88E50001C31D /* Release */ = {
			isa = XCBuildConfiguration;
			buildSettings = {
				ALWAYS_SEARCH_USER_PATHS = NO;
				CLANG_ANALYZER_NONNULL = YES;
				CLANG_ANALYZER_NUMBER_OBJECT_CONVERSION = YES_AGGRESSIVE;
				CLANG_CXX_LANGUAGE_STANDARD = "gnu++20";
				CLANG_ENABLE_MODULES = YES;
				CLANG_ENABLE_OBJC_ARC = YES;
				CLANG_ENABLE_OBJC_WEAK = YES;
				CLANG_WARN_BLOCK_CAPTURE_AUTORELEASING = YES;
				CLANG_WARN_BOOL_CONVERSION = YES;
				CLANG_WARN_COMMA = YES;
				CLANG_WARN_CONSTANT_CONVERSION = YES;
				CLANG_WARN_DEPRECATED_OBJC_IMPLEMENTATIONS = YES;
				CLANG_WARN_DIRECT_OBJC_ISA_USAGE = YES_ERROR;
				CLANG_WARN_DOCUMENTATION_COMMENTS = YES;
				CLANG_WARN_EMPTY_BODY = YES;
				CLANG_WARN_ENUM_CONVERSION = YES;
				CLANG_WARN_INFINITE_RECURSION = YES;
				CLANG_WARN_INT_CONVERSION = YES;
				CLANG_WARN_NON_LITERAL_NULL_CONVERSION = YES;
				CLANG_WARN_OBJC_IMPLICIT_RETAIN_SELF = YES;
				CLANG_WARN_OBJC_LITERAL_CONVERSION = YES;
				CLANG_WARN_OBJC_ROOT_CLASS = YES_ERROR;
				CLANG_WARN_QUOTED_INCLUDE_IN_FRAMEWORK_HEADER = YES;
				CLANG_WARN_RANGE_LOOP_ANALYSIS = YES;
				CLANG_WARN_STRICT_PROTOTYPES = YES;
				CLANG_WARN_SUSPICIOUS_MOVE = YES;
				CLANG_WARN_UNGUARDED_AVAILABILITY = YES_AGGRESSIVE;
				CLANG_WARN_UNREACHABLE_CODE = YES;
				CLANG_WARN__DUPLICATE_METHOD_MATCH = YES;
				COPY_PHASE_STRIP = NO;
				DEBUG_INFORMATION_FORMAT = "dwarf-with-dsym";
				ENABLE_NS_ASSERTIONS = NO;
				ENABLE_STRICT_OBJC_MSGSEND = YES;
				GCC_C_LANGUAGE_STANDARD = gnu11;
				GCC_NO_COMMON_BLOCKS = YES;
				GCC_WARN_64_TO_32_BIT_CONVERSION = YES;
				GCC_WARN_ABOUT_RETURN_TYPE = YES_ERROR;
				GCC_WARN_UNDECLARED_SELECTOR = YES;
				GCC_WARN_UNINITIALIZED_AUTOS = YES_AGGRESSIVE;
				GCC_WARN_UNUSED_FUNCTION = YES;
				GCC_WARN_UNUSED_VARIABLE = YES;
				MACOSX_DEPLOYMENT_TARGET = 13.0;
				MTL_ENABLE_DEBUG_INFO = NO;
				MTL_FAST_MATH = YES;
				SDKROOT = macosx;
				SWIFT_COMPILATION_MODE = wholemodule;
				SWIFT_OPTIMIZATION_LEVEL = "-O";
			};
			name = Release;
		};
		2F94E1AF291E88E50001C31D /* Debug */ = {
			isa = XCBuildConfiguration;
			buildSettings = {
				ASSETCATALOG_COMPILER_APPICON_NAME = AppIcon;
				ASSETCATALOG_COMPILER_GLOBAL_ACCENT_COLOR_NAME = AccentColor;
				CODE_SIGN_ENTITLEMENTS = "Phone Dialer/Phone_Dialer.entitlements";
				CODE_SIGN_STYLE = Automatic;
				COMBINE_HIDPI_IMAGES = YES;
				CURRENT_PROJECT_VERSION = 1;
				DEVELOPMENT_TEAM = 5RGS682GKD;
				ENABLE_HARDENED_RUNTIME = YES;
				GENERATE_INFOPLIST_FILE = YES;
				INFOPLIST_KEY_NSHumanReadableCopyright = "";
				INFOPLIST_KEY_NSMainStoryboardFile = Main;
				INFOPLIST_KEY_NSPrincipalClass = NSApplication;
				LD_RUNPATH_SEARCH_PATHS = (
					"$(inherited)",
					"@executable_path/../Frameworks",
				);
				MARKETING_VERSION = 1.0;
				PRODUCT_BUNDLE_IDENTIFIER = "com.Phone-Dialer";
				PRODUCT_NAME = "$(TARGET_NAME)";
				SWIFT_EMIT_LOC_STRINGS = YES;
				SWIFT_VERSION = 5.0;
			};
			name = Debug;
		};
		2F94E1B0291E88E50001C31D /* Release */ = {
			isa = XCBuildConfiguration;
			buildSettings = {
				ASSETCATALOG_COMPILER_APPICON_NAME = AppIcon;
				ASSETCATALOG_COMPILER_GLOBAL_ACCENT_COLOR_NAME = AccentColor;
				CODE_SIGN_ENTITLEMENTS = "Phone Dialer/Phone_Dialer.entitlements";
				CODE_SIGN_STYLE = Automatic;
				COMBINE_HIDPI_IMAGES = YES;
				CURRENT_PROJECT_VERSION = 1;
				DEVELOPMENT_TEAM = 5RGS682GKD;
				ENABLE_HARDENED_RUNTIME = YES;
				GENERATE_INFOPLIST_FILE = YES;
				INFOPLIST_KEY_NSHumanReadableCopyright = "";
				INFOPLIST_KEY_NSMainStoryboardFile = Main;
				INFOPLIST_KEY_NSPrincipalClass = NSApplication;
				LD_RUNPATH_SEARCH_PATHS = (
					"$(inherited)",
					"@executable_path/../Frameworks",
				);
				MARKETING_VERSION = 1.0;
				PRODUCT_BUNDLE_IDENTIFIER = "com.Phone-Dialer";
				PRODUCT_NAME = "$(TARGET_NAME)";
				SWIFT_EMIT_LOC_STRINGS = YES;
				SWIFT_VERSION = 5.0;
			};
			name = Release;
		};
		2F94E1B2291E88E50001C31D /* Debug */ = {
			isa = XCBuildConfiguration;
			buildSettings = {
				ALWAYS_EMBED_SWIFT_STANDARD_LIBRARIES = YES;
				BUNDLE_LOADER = "$(TEST_HOST)";
				CODE_SIGN_STYLE = Automatic;
				CURRENT_PROJECT_VERSION = 1;
				DEVELOPMENT_TEAM = 5RGS682GKD;
				GENERATE_INFOPLIST_FILE = YES;
				MACOSX_DEPLOYMENT_TARGET = 13.0;
				MARKETING_VERSION = 1.0;
				PRODUCT_BUNDLE_IDENTIFIER = "com.Phone-DialerTests";
				PRODUCT_NAME = "$(TARGET_NAME)";
				SWIFT_EMIT_LOC_STRINGS = NO;
				SWIFT_VERSION = 5.0;
				TEST_HOST = "$(BUILT_PRODUCTS_DIR)/Phone Dialer.app/$(BUNDLE_EXECUTABLE_FOLDER_PATH)/Phone Dialer";
			};
			name = Debug;
		};
		2F94E1B3291E88E50001C31D /* Release */ = {
			isa = XCBuildConfiguration;
			buildSettings = {
				ALWAYS_EMBED_SWIFT_STANDARD_LIBRARIES = YES;
				BUNDLE_LOADER = "$(TEST_HOST)";
				CODE_SIGN_STYLE = Automatic;
				CURRENT_PROJECT_VERSION = 1;
				DEVELOPMENT_TEAM = 5RGS682GKD;
				GENERATE_INFOPLIST_FILE = YES;
				MACOSX_DEPLOYMENT_TARGET = 13.0;
				MARKETING_VERSION = 1.0;
				PRODUCT_BUNDLE_IDENTIFIER = "com.Phone-DialerTests";
				PRODUCT_NAME = "$(TARGET_NAME)";
				SWIFT_EMIT_LOC_STRINGS = NO;
				SWIFT_VERSION = 5.0;
				TEST_HOST = "$(BUILT_PRODUCTS_DIR)/Phone Dialer.app/$(BUNDLE_EXECUTABLE_FOLDER_PATH)/Phone Dialer";
			};
			name = Release;
		};
		2F94E1B5291E88E50001C31D /* Debug */ = {
			isa = XCBuildConfiguration;
			buildSettings = {
				ALWAYS_EMBED_SWIFT_STANDARD_LIBRARIES = YES;
				CODE_SIGN_STYLE = Automatic;
				CURRENT_PROJECT_VERSION = 1;
				DEVELOPMENT_TEAM = 5RGS682GKD;
				GENERATE_INFOPLIST_FILE = YES;
				MARKETING_VERSION = 1.0;
				PRODUCT_BUNDLE_IDENTIFIER = "com.Phone-DialerUITests";
				PRODUCT_NAME = "$(TARGET_NAME)";
				SWIFT_EMIT_LOC_STRINGS = NO;
				SWIFT_VERSION = 5.0;
				TEST_TARGET_NAME = "Phone Dialer";
			};
			name = Debug;
		};
		2F94E1B6291E88E50001C31D /* Release */ = {
			isa = XCBuildConfiguration;
			buildSettings = {
				ALWAYS_EMBED_SWIFT_STANDARD_LIBRARIES = YES;
				CODE_SIGN_STYLE = Automatic;
				CURRENT_PROJECT_VERSION = 1;
				DEVELOPMENT_TEAM = 5RGS682GKD;
				GENERATE_INFOPLIST_FILE = YES;
				MARKETING_VERSION = 1.0;
				PRODUCT_BUNDLE_IDENTIFIER = "com.Phone-DialerUITests";
				PRODUCT_NAME = "$(TARGET_NAME)";
				SWIFT_EMIT_LOC_STRINGS = NO;
				SWIFT_VERSION = 5.0;
				TEST_TARGET_NAME = "Phone Dialer";
			};
			name = Release;
		};
/* End XCBuildConfiguration section */

/* Begin XCConfigurationList section */
		2F94E184291E88E30001C31D /* Build configuration list for PBXProject "Phone Dialer" */ = {
			isa = XCConfigurationList;
			buildConfigurations = (
				2F94E1AC291E88E50001C31D /* Debug */,
				2F94E1AD291E88E50001C31D /* Release */,
			);
			defaultConfigurationIsVisible = 0;
			defaultConfigurationName = Release;
		};
		2F94E1AE291E88E50001C31D /* Build configuration list for PBXNativeTarget "Phone Dialer" */ = {
			isa = XCConfigurationList;
			buildConfigurations = (
				2F94E1AF291E88E50001C31D /* Debug */,
				2F94E1B0291E88E50001C31D /* Release */,
			);
			defaultConfigurationIsVisible = 0;
			defaultConfigurationName = Release;
		};
		2F94E1B1291E88E50001C31D /* Build configuration list for PBXNativeTarget "Phone DialerTests" */ = {
			isa = XCConfigurationList;
			buildConfigurations = (
				2F94E1B2291E88E50001C31D /* Debug */,
				2F94E1B3291E88E50001C31D /* Release */,
			);
			defaultConfigurationIsVisible = 0;
			defaultConfigurationName = Release;
		};
		2F94E1B4291E88E50001C31D /* Build configuration list for PBXNativeTarget "Phone DialerUITests" */ = {
			isa = XCConfigurationList;
			buildConfigurations = (
				2F94E1B5291E88E50001C31D /* Debug */,
				2F94E1B6291E88E50001C31D /* Release */,
			);
			defaultConfigurationIsVisible = 0;
			defaultConfigurationName = Release;
		};
/* End XCConfigurationList section */
	};
	rootObject = 2F94E181291E88E30001C31D /* Project object */;
}
